// !$*UTF8*$!
{
	archiveVersion = 1;
	classes = {
	};
	objectVersion = 56;
	objects = {

/* Begin PBXBuildFile section */
		CE2241462BECF6910091AB3C /* HypeApp.swift in Sources */ = {isa = PBXBuildFile; fileRef = CE2241452BECF6910091AB3C /* HypeApp.swift */; };
		CE2241482BECF6910091AB3C /* ContentView.swift in Sources */ = {isa = PBXBuildFile; fileRef = CE2241472BECF6910091AB3C /* ContentView.swift */; };
		CE22414A2BECF6920091AB3C /* Assets.xcassets in Resources */ = {isa = PBXBuildFile; fileRef = CE2241492BECF6920091AB3C /* Assets.xcassets */; };
		CE22414D2BECF6920091AB3C /* Preview Assets.xcassets in Resources */ = {isa = PBXBuildFile; fileRef = CE22414C2BECF6920091AB3C /* Preview Assets.xcassets */; };
		CE2241562BECFDCF0091AB3C /* ChatZone.swift in Sources */ = {isa = PBXBuildFile; fileRef = CE2241552BECFDCF0091AB3C /* ChatZone.swift */; };
		CE2241592BECFE150091AB3C /* ColorTheme.swift in Sources */ = {isa = PBXBuildFile; fileRef = CE2241582BECFE150091AB3C /* ColorTheme.swift */; };
		CE22415C2BED00470091AB3C /* ChatCell.swift in Sources */ = {isa = PBXBuildFile; fileRef = CE22415B2BED00470091AB3C /* ChatCell.swift */; };
		CE22415E2BED0EE70091AB3C /* HeaderOfChatList.swift in Sources */ = {isa = PBXBuildFile; fileRef = CE22415D2BED0EE70091AB3C /* HeaderOfChatList.swift */; };
		CE2241602BED35FD0091AB3C /* PlacehodlerForChatList.swift in Sources */ = {isa = PBXBuildFile; fileRef = CE22415F2BED35FD0091AB3C /* PlacehodlerForChatList.swift */; };
		CE2241622BED37640091AB3C /* ChatZoneViewModel.swift in Sources */ = {isa = PBXBuildFile; fileRef = CE2241612BED37640091AB3C /* ChatZoneViewModel.swift */; };
		CE2241642BED39610091AB3C /* ImagesName.swift in Sources */ = {isa = PBXBuildFile; fileRef = CE2241632BED39610091AB3C /* ImagesName.swift */; };
		CE2241662BED3B830091AB3C /* ChatList.swift in Sources */ = {isa = PBXBuildFile; fileRef = CE2241652BED3B830091AB3C /* ChatList.swift */; };
		CE2241692BED46E70091AB3C /* StateOfChatList.swift in Sources */ = {isa = PBXBuildFile; fileRef = CE2241682BED46E70091AB3C /* StateOfChatList.swift */; };
		CE22416C2BED73070091AB3C /* Tabbar.swift in Sources */ = {isa = PBXBuildFile; fileRef = CE22416B2BED73070091AB3C /* Tabbar.swift */; };
		CE2241702BED83B00091AB3C /* TabbarElement.swift in Sources */ = {isa = PBXBuildFile; fileRef = CE22416F2BED83B00091AB3C /* TabbarElement.swift */; };
		CE2241722BED83C60091AB3C /* IdentifableElementForTabbar.swift in Sources */ = {isa = PBXBuildFile; fileRef = CE2241712BED83C60091AB3C /* IdentifableElementForTabbar.swift */; };
		CE2241752BED84E00091AB3C /* DefaultWhiteButton.swift in Sources */ = {isa = PBXBuildFile; fileRef = CE2241742BED84E00091AB3C /* DefaultWhiteButton.swift */; };
		CE2241782BED897F0091AB3C /* Auth in Frameworks */ = {isa = PBXBuildFile; productRef = CE2241772BED897F0091AB3C /* Auth */; };
		CE22417A2BED897F0091AB3C /* Functions in Frameworks */ = {isa = PBXBuildFile; productRef = CE2241792BED897F0091AB3C /* Functions */; };
		CE22417C2BED897F0091AB3C /* PostgREST in Frameworks */ = {isa = PBXBuildFile; productRef = CE22417B2BED897F0091AB3C /* PostgREST */; };
		CE22417E2BED897F0091AB3C /* Realtime in Frameworks */ = {isa = PBXBuildFile; productRef = CE22417D2BED897F0091AB3C /* Realtime */; };
		CE2241802BED897F0091AB3C /* Storage in Frameworks */ = {isa = PBXBuildFile; productRef = CE22417F2BED897F0091AB3C /* Storage */; };
		CE2241822BED89CA0091AB3C /* Supabase.swift in Sources */ = {isa = PBXBuildFile; fileRef = CE2241812BED89CA0091AB3C /* Supabase.swift */; };
		CE2241852BED99080091AB3C /* Supabase in Frameworks */ = {isa = PBXBuildFile; productRef = CE2241842BED99080091AB3C /* Supabase */; };
		CE2241872BEDA5E00091AB3C /* Profile.swift in Sources */ = {isa = PBXBuildFile; fileRef = CE2241862BEDA5E00091AB3C /* Profile.swift */; };
		CE2241892BEE334B0091AB3C /* SiginState.swift in Sources */ = {isa = PBXBuildFile; fileRef = CE2241882BEE334B0091AB3C /* SiginState.swift */; };
		CE22418B2BEE33760091AB3C /* ContentViewModel.swift in Sources */ = {isa = PBXBuildFile; fileRef = CE22418A2BEE33760091AB3C /* ContentViewModel.swift */; };
		CE22418D2BEE33C70091AB3C /* EnvrimomentObject.swift in Sources */ = {isa = PBXBuildFile; fileRef = CE22418C2BEE33C70091AB3C /* EnvrimomentObject.swift */; };
		CE2241902BF216CA0091AB3C /* SearchZone.swift in Sources */ = {isa = PBXBuildFile; fileRef = CE22418F2BF216CA0091AB3C /* SearchZone.swift */; };
		CE2241922BF21B5A0091AB3C /* SearchViewModel.swift in Sources */ = {isa = PBXBuildFile; fileRef = CE2241912BF21B5A0091AB3C /* SearchViewModel.swift */; };
		CE2241952BF247E00091AB3C /* MessagesWindow.swift in Sources */ = {isa = PBXBuildFile; fileRef = CE2241942BF247E00091AB3C /* MessagesWindow.swift */; };
		CE2241982BF24BCC0091AB3C /* MessageView.swift in Sources */ = {isa = PBXBuildFile; fileRef = CE2241972BF24BCC0091AB3C /* MessageView.swift */; };
		CE22419C2BF57A9A0091AB3C /* MessageTetField.swift in Sources */ = {isa = PBXBuildFile; fileRef = CE22419B2BF57A9A0091AB3C /* MessageTetField.swift */; };
		CE22419E2BF57AB20091AB3C /* MessageControlView.swift in Sources */ = {isa = PBXBuildFile; fileRef = CE22419D2BF57AB20091AB3C /* MessageControlView.swift */; };
		CE2241A02BF57AC80091AB3C /* HeaderForMessageWindow.swift in Sources */ = {isa = PBXBuildFile; fileRef = CE22419F2BF57AC80091AB3C /* HeaderForMessageWindow.swift */; };
		CE2241A42BF7883E0091AB3C /* UINavigationControllerExtension.swift in Sources */ = {isa = PBXBuildFile; fileRef = CE2241A32BF7883E0091AB3C /* UINavigationControllerExtension.swift */; };
		CE2241A82BF78DE10091AB3C /* AuthorizeService.swift in Sources */ = {isa = PBXBuildFile; fileRef = CE2241A72BF78DE00091AB3C /* AuthorizeService.swift */; };
		CE2241AA2BF7925D0091AB3C /* UserWorker.swift in Sources */ = {isa = PBXBuildFile; fileRef = CE2241A92BF7925D0091AB3C /* UserWorker.swift */; };
		CE2241AE2BF7997A0091AB3C /* UserWorkerProtocol.swift in Sources */ = {isa = PBXBuildFile; fileRef = CE2241AD2BF7997A0091AB3C /* UserWorkerProtocol.swift */; };
		CE2241B12BF799900091AB3C /* AuthorizeServiceProtocol.swift in Sources */ = {isa = PBXBuildFile; fileRef = CE2241B02BF799900091AB3C /* AuthorizeServiceProtocol.swift */; };
		CE2241B42BF7A1460091AB3C /* DatabaseServiceProtocol.swift in Sources */ = {isa = PBXBuildFile; fileRef = CE2241B32BF7A1460091AB3C /* DatabaseServiceProtocol.swift */; };
		CE2241B62BF7A1580091AB3C /* DatabaseService.swift in Sources */ = {isa = PBXBuildFile; fileRef = CE2241B52BF7A1580091AB3C /* DatabaseService.swift */; };
/* End PBXBuildFile section */

/* Begin PBXFileReference section */
		CE2241422BECF6910091AB3C /* Hype.app */ = {isa = PBXFileReference; explicitFileType = wrapper.application; includeInIndex = 0; path = Hype.app; sourceTree = BUILT_PRODUCTS_DIR; };
		CE2241452BECF6910091AB3C /* HypeApp.swift */ = {isa = PBXFileReference; lastKnownFileType = sourcecode.swift; path = HypeApp.swift; sourceTree = "<group>"; };
		CE2241472BECF6910091AB3C /* ContentView.swift */ = {isa = PBXFileReference; lastKnownFileType = sourcecode.swift; path = ContentView.swift; sourceTree = "<group>"; };
		CE2241492BECF6920091AB3C /* Assets.xcassets */ = {isa = PBXFileReference; lastKnownFileType = folder.assetcatalog; path = Assets.xcassets; sourceTree = "<group>"; };
		CE22414C2BECF6920091AB3C /* Preview Assets.xcassets */ = {isa = PBXFileReference; lastKnownFileType = folder.assetcatalog; path = "Preview Assets.xcassets"; sourceTree = "<group>"; };
		CE2241552BECFDCF0091AB3C /* ChatZone.swift */ = {isa = PBXFileReference; lastKnownFileType = sourcecode.swift; path = ChatZone.swift; sourceTree = "<group>"; };
		CE2241582BECFE150091AB3C /* ColorTheme.swift */ = {isa = PBXFileReference; lastKnownFileType = sourcecode.swift; path = ColorTheme.swift; sourceTree = "<group>"; };
		CE22415B2BED00470091AB3C /* ChatCell.swift */ = {isa = PBXFileReference; lastKnownFileType = sourcecode.swift; path = ChatCell.swift; sourceTree = "<group>"; };
		CE22415D2BED0EE70091AB3C /* HeaderOfChatList.swift */ = {isa = PBXFileReference; lastKnownFileType = sourcecode.swift; path = HeaderOfChatList.swift; sourceTree = "<group>"; };
		CE22415F2BED35FD0091AB3C /* PlacehodlerForChatList.swift */ = {isa = PBXFileReference; lastKnownFileType = sourcecode.swift; path = PlacehodlerForChatList.swift; sourceTree = "<group>"; };
		CE2241612BED37640091AB3C /* ChatZoneViewModel.swift */ = {isa = PBXFileReference; lastKnownFileType = sourcecode.swift; path = ChatZoneViewModel.swift; sourceTree = "<group>"; };
		CE2241632BED39610091AB3C /* ImagesName.swift */ = {isa = PBXFileReference; lastKnownFileType = sourcecode.swift; path = ImagesName.swift; sourceTree = "<group>"; };
		CE2241652BED3B830091AB3C /* ChatList.swift */ = {isa = PBXFileReference; lastKnownFileType = sourcecode.swift; path = ChatList.swift; sourceTree = "<group>"; };
		CE2241682BED46E70091AB3C /* StateOfChatList.swift */ = {isa = PBXFileReference; lastKnownFileType = sourcecode.swift; path = StateOfChatList.swift; sourceTree = "<group>"; };
		CE22416B2BED73070091AB3C /* Tabbar.swift */ = {isa = PBXFileReference; lastKnownFileType = sourcecode.swift; path = Tabbar.swift; sourceTree = "<group>"; };
		CE22416F2BED83B00091AB3C /* TabbarElement.swift */ = {isa = PBXFileReference; lastKnownFileType = sourcecode.swift; path = TabbarElement.swift; sourceTree = "<group>"; };
		CE2241712BED83C60091AB3C /* IdentifableElementForTabbar.swift */ = {isa = PBXFileReference; lastKnownFileType = sourcecode.swift; path = IdentifableElementForTabbar.swift; sourceTree = "<group>"; };
		CE2241742BED84E00091AB3C /* DefaultWhiteButton.swift */ = {isa = PBXFileReference; lastKnownFileType = sourcecode.swift; path = DefaultWhiteButton.swift; sourceTree = "<group>"; };
		CE2241812BED89CA0091AB3C /* Supabase.swift */ = {isa = PBXFileReference; lastKnownFileType = sourcecode.swift; path = Supabase.swift; sourceTree = "<group>"; };
		CE2241862BEDA5E00091AB3C /* Profile.swift */ = {isa = PBXFileReference; lastKnownFileType = sourcecode.swift; path = Profile.swift; sourceTree = "<group>"; };
		CE2241882BEE334B0091AB3C /* SiginState.swift */ = {isa = PBXFileReference; lastKnownFileType = sourcecode.swift; path = SiginState.swift; sourceTree = "<group>"; };
		CE22418A2BEE33760091AB3C /* ContentViewModel.swift */ = {isa = PBXFileReference; lastKnownFileType = sourcecode.swift; path = ContentViewModel.swift; sourceTree = "<group>"; };
		CE22418C2BEE33C70091AB3C /* EnvrimomentObject.swift */ = {isa = PBXFileReference; lastKnownFileType = sourcecode.swift; path = EnvrimomentObject.swift; sourceTree = "<group>"; };
		CE22418F2BF216CA0091AB3C /* SearchZone.swift */ = {isa = PBXFileReference; lastKnownFileType = sourcecode.swift; path = SearchZone.swift; sourceTree = "<group>"; };
		CE2241912BF21B5A0091AB3C /* SearchViewModel.swift */ = {isa = PBXFileReference; lastKnownFileType = sourcecode.swift; path = SearchViewModel.swift; sourceTree = "<group>"; };
		CE2241942BF247E00091AB3C /* MessagesWindow.swift */ = {isa = PBXFileReference; lastKnownFileType = sourcecode.swift; path = MessagesWindow.swift; sourceTree = "<group>"; };
		CE2241972BF24BCC0091AB3C /* MessageView.swift */ = {isa = PBXFileReference; lastKnownFileType = sourcecode.swift; path = MessageView.swift; sourceTree = "<group>"; };
		CE22419B2BF57A9A0091AB3C /* MessageTetField.swift */ = {isa = PBXFileReference; lastKnownFileType = sourcecode.swift; path = MessageTetField.swift; sourceTree = "<group>"; };
		CE22419D2BF57AB20091AB3C /* MessageControlView.swift */ = {isa = PBXFileReference; lastKnownFileType = sourcecode.swift; path = MessageControlView.swift; sourceTree = "<group>"; };
		CE22419F2BF57AC80091AB3C /* HeaderForMessageWindow.swift */ = {isa = PBXFileReference; lastKnownFileType = sourcecode.swift; path = HeaderForMessageWindow.swift; sourceTree = "<group>"; };
		CE2241A32BF7883E0091AB3C /* UINavigationControllerExtension.swift */ = {isa = PBXFileReference; lastKnownFileType = sourcecode.swift; path = UINavigationControllerExtension.swift; sourceTree = "<group>"; };
		CE2241A72BF78DE00091AB3C /* AuthorizeService.swift */ = {isa = PBXFileReference; lastKnownFileType = sourcecode.swift; path = AuthorizeService.swift; sourceTree = "<group>"; };
		CE2241A92BF7925D0091AB3C /* UserWorker.swift */ = {isa = PBXFileReference; lastKnownFileType = sourcecode.swift; path = UserWorker.swift; sourceTree = "<group>"; };
		CE2241AD2BF7997A0091AB3C /* UserWorkerProtocol.swift */ = {isa = PBXFileReference; lastKnownFileType = sourcecode.swift; path = UserWorkerProtocol.swift; sourceTree = "<group>"; };
		CE2241B02BF799900091AB3C /* AuthorizeServiceProtocol.swift */ = {isa = PBXFileReference; lastKnownFileType = sourcecode.swift; path = AuthorizeServiceProtocol.swift; sourceTree = "<group>"; };
		CE2241B32BF7A1460091AB3C /* DatabaseServiceProtocol.swift */ = {isa = PBXFileReference; lastKnownFileType = sourcecode.swift; path = DatabaseServiceProtocol.swift; sourceTree = "<group>"; };
		CE2241B52BF7A1580091AB3C /* DatabaseService.swift */ = {isa = PBXFileReference; lastKnownFileType = sourcecode.swift; path = DatabaseService.swift; sourceTree = "<group>"; };
/* End PBXFileReference section */

/* Begin PBXFrameworksBuildPhase section */
		CE22413F2BECF6910091AB3C /* Frameworks */ = {
			isa = PBXFrameworksBuildPhase;
			buildActionMask = 2147483647;
			files = (
				CE22417C2BED897F0091AB3C /* PostgREST in Frameworks */,
				CE22417A2BED897F0091AB3C /* Functions in Frameworks */,
				CE2241852BED99080091AB3C /* Supabase in Frameworks */,
				CE2241782BED897F0091AB3C /* Auth in Frameworks */,
				CE2241802BED897F0091AB3C /* Storage in Frameworks */,
				CE22417E2BED897F0091AB3C /* Realtime in Frameworks */,
			);
			runOnlyForDeploymentPostprocessing = 0;
		};
/* End PBXFrameworksBuildPhase section */

/* Begin PBXGroup section */
		CE2241392BECF6900091AB3C = {
			isa = PBXGroup;
			children = (
				CE2241442BECF6910091AB3C /* Hype */,
				CE2241432BECF6910091AB3C /* Products */,
				CE2241832BED99080091AB3C /* Frameworks */,
			);
			sourceTree = "<group>";
		};
		CE2241432BECF6910091AB3C /* Products */ = {
			isa = PBXGroup;
			children = (
				CE2241422BECF6910091AB3C /* Hype.app */,
			);
			name = Products;
			sourceTree = "<group>";
		};
		CE2241442BECF6910091AB3C /* Hype */ = {
			isa = PBXGroup;
			children = (
				CE2241532BECF6A70091AB3C /* Resource */,
				CE2241672BED46D80091AB3C /* Enums */,
				CE2241572BECFE070091AB3C /* Extensions */,
				CE22418E2BF216B10091AB3C /* SearchZone */,
				CE2241542BECFDB60091AB3C /* ListOfChatZone */,
				CE22416D2BED838B0091AB3C /* Views */,
				CE2241472BECF6910091AB3C /* ContentView.swift */,
				CE22418A2BEE33760091AB3C /* ContentViewModel.swift */,
				CE2241492BECF6920091AB3C /* Assets.xcassets */,
				CE22414B2BECF6920091AB3C /* Preview Content */,
			);
			path = Hype;
			sourceTree = "<group>";
		};
		CE22414B2BECF6920091AB3C /* Preview Content */ = {
			isa = PBXGroup;
			children = (
				CE22414C2BECF6920091AB3C /* Preview Assets.xcassets */,
			);
			path = "Preview Content";
			sourceTree = "<group>";
		};
		CE2241532BECF6A70091AB3C /* Resource */ = {
			isa = PBXGroup;
			children = (
				CE2241B22BF7A1330091AB3C /* DatabaseService */,
				CE2241AC2BF7996B0091AB3C /* UserWorker */,
				CE2241AB2BF799610091AB3C /* AuthorizeService */,
				CE2241452BECF6910091AB3C /* HypeApp.swift */,
				CE2241812BED89CA0091AB3C /* Supabase.swift */,
				CE2241862BEDA5E00091AB3C /* Profile.swift */,
				CE22418C2BEE33C70091AB3C /* EnvrimomentObject.swift */,
			);
			path = Resource;
			sourceTree = "<group>";
		};
		CE2241542BECFDB60091AB3C /* ListOfChatZone */ = {
			isa = PBXGroup;
			children = (
				CE2241932BF247C50091AB3C /* MessageViews */,
				CE22416A2BED470E0091AB3C /* Views */,
				CE22415A2BED003B0091AB3C /* ChatCell */,
				CE2241552BECFDCF0091AB3C /* ChatZone.swift */,
				CE2241612BED37640091AB3C /* ChatZoneViewModel.swift */,
			);
			path = ListOfChatZone;
			sourceTree = "<group>";
		};
		CE2241572BECFE070091AB3C /* Extensions */ = {
			isa = PBXGroup;
			children = (
				CE2241582BECFE150091AB3C /* ColorTheme.swift */,
				CE2241A32BF7883E0091AB3C /* UINavigationControllerExtension.swift */,
			);
			path = Extensions;
			sourceTree = "<group>";
		};
		CE22415A2BED003B0091AB3C /* ChatCell */ = {
			isa = PBXGroup;
			children = (
				CE22415B2BED00470091AB3C /* ChatCell.swift */,
			);
			path = ChatCell;
			sourceTree = "<group>";
		};
		CE2241672BED46D80091AB3C /* Enums */ = {
			isa = PBXGroup;
			children = (
				CE2241632BED39610091AB3C /* ImagesName.swift */,
				CE2241682BED46E70091AB3C /* StateOfChatList.swift */,
				CE2241882BEE334B0091AB3C /* SiginState.swift */,
			);
			path = Enums;
			sourceTree = "<group>";
		};
		CE22416A2BED470E0091AB3C /* Views */ = {
			isa = PBXGroup;
			children = (
				CE22415F2BED35FD0091AB3C /* PlacehodlerForChatList.swift */,
				CE22415D2BED0EE70091AB3C /* HeaderOfChatList.swift */,
				CE2241652BED3B830091AB3C /* ChatList.swift */,
			);
			path = Views;
			sourceTree = "<group>";
		};
		CE22416D2BED838B0091AB3C /* Views */ = {
			isa = PBXGroup;
			children = (
				CE2241732BED84D20091AB3C /* Buttons */,
				CE22416E2BED839C0091AB3C /* Tabbar */,
			);
			path = Views;
			sourceTree = "<group>";
		};
		CE22416E2BED839C0091AB3C /* Tabbar */ = {
			isa = PBXGroup;
			children = (
				CE22416B2BED73070091AB3C /* Tabbar.swift */,
				CE22416F2BED83B00091AB3C /* TabbarElement.swift */,
				CE2241712BED83C60091AB3C /* IdentifableElementForTabbar.swift */,
			);
			path = Tabbar;
			sourceTree = "<group>";
		};
		CE2241732BED84D20091AB3C /* Buttons */ = {
			isa = PBXGroup;
			children = (
				CE2241742BED84E00091AB3C /* DefaultWhiteButton.swift */,
			);
			path = Buttons;
			sourceTree = "<group>";
		};
		CE2241832BED99080091AB3C /* Frameworks */ = {
			isa = PBXGroup;
			children = (
			);
			name = Frameworks;
			sourceTree = "<group>";
		};
		CE22418E2BF216B10091AB3C /* SearchZone */ = {
			isa = PBXGroup;
			children = (
				CE22418F2BF216CA0091AB3C /* SearchZone.swift */,
				CE2241912BF21B5A0091AB3C /* SearchViewModel.swift */,
			);
			path = SearchZone;
			sourceTree = "<group>";
		};
		CE2241932BF247C50091AB3C /* MessageViews */ = {
			isa = PBXGroup;
			children = (
				CE2241962BF24BC30091AB3C /* Views */,
				CE2241942BF247E00091AB3C /* MessagesWindow.swift */,
			);
			path = MessageViews;
			sourceTree = "<group>";
		};
		CE2241962BF24BC30091AB3C /* Views */ = {
			isa = PBXGroup;
			children = (
				CE2241972BF24BCC0091AB3C /* MessageView.swift */,
				CE22419B2BF57A9A0091AB3C /* MessageTetField.swift */,
				CE22419D2BF57AB20091AB3C /* MessageControlView.swift */,
				CE22419F2BF57AC80091AB3C /* HeaderForMessageWindow.swift */,
			);
			path = Views;
			sourceTree = "<group>";
		};
		CE2241AB2BF799610091AB3C /* AuthorizeService */ = {
			isa = PBXGroup;
			children = (
				CE2241B02BF799900091AB3C /* AuthorizeServiceProtocol.swift */,
				CE2241A72BF78DE00091AB3C /* AuthorizeService.swift */,
			);
			path = AuthorizeService;
			sourceTree = "<group>";
		};
		CE2241AC2BF7996B0091AB3C /* UserWorker */ = {
			isa = PBXGroup;
			children = (
				CE2241AD2BF7997A0091AB3C /* UserWorkerProtocol.swift */,
				CE2241A92BF7925D0091AB3C /* UserWorker.swift */,
			);
			path = UserWorker;
			sourceTree = "<group>";
		};
		CE2241B22BF7A1330091AB3C /* DatabaseService */ = {
			isa = PBXGroup;
			children = (
				CE2241B32BF7A1460091AB3C /* DatabaseServiceProtocol.swift */,
				CE2241B52BF7A1580091AB3C /* DatabaseService.swift */,
			);
			path = DatabaseService;
			sourceTree = "<group>";
		};
/* End PBXGroup section */

/* Begin PBXNativeTarget section */
		CE2241412BECF6910091AB3C /* Hype */ = {
			isa = PBXNativeTarget;
			buildConfigurationList = CE2241502BECF6920091AB3C /* Build configuration list for PBXNativeTarget "Hype" */;
			buildPhases = (
				CE22413E2BECF6910091AB3C /* Sources */,
				CE22413F2BECF6910091AB3C /* Frameworks */,
				CE2241402BECF6910091AB3C /* Resources */,
			);
			buildRules = (
			);
			dependencies = (
			);
			name = Hype;
			packageProductDependencies = (
				CE2241772BED897F0091AB3C /* Auth */,
				CE2241792BED897F0091AB3C /* Functions */,
				CE22417B2BED897F0091AB3C /* PostgREST */,
				CE22417D2BED897F0091AB3C /* Realtime */,
				CE22417F2BED897F0091AB3C /* Storage */,
				CE2241842BED99080091AB3C /* Supabase */,
			);
			productName = Hype;
			productReference = CE2241422BECF6910091AB3C /* Hype.app */;
			productType = "com.apple.product-type.application";
		};
/* End PBXNativeTarget section */

/* Begin PBXProject section */
		CE22413A2BECF6900091AB3C /* Project object */ = {
			isa = PBXProject;
			attributes = {
				BuildIndependentTargetsInParallel = 1;
				LastSwiftUpdateCheck = 1530;
				LastUpgradeCheck = 1530;
				TargetAttributes = {
					CE2241412BECF6910091AB3C = {
						CreatedOnToolsVersion = 15.3;
					};
				};
			};
			buildConfigurationList = CE22413D2BECF6900091AB3C /* Build configuration list for PBXProject "Hype" */;
			compatibilityVersion = "Xcode 14.0";
			developmentRegion = en;
			hasScannedForEncodings = 0;
			knownRegions = (
				en,
				Base,
			);
			mainGroup = CE2241392BECF6900091AB3C;
			packageReferences = (
				CE2241762BED897F0091AB3C /* XCRemoteSwiftPackageReference "supabase-swift" */,
			);
			productRefGroup = CE2241432BECF6910091AB3C /* Products */;
			projectDirPath = "";
			projectRoot = "";
			targets = (
				CE2241412BECF6910091AB3C /* Hype */,
			);
		};
/* End PBXProject section */

/* Begin PBXResourcesBuildPhase section */
		CE2241402BECF6910091AB3C /* Resources */ = {
			isa = PBXResourcesBuildPhase;
			buildActionMask = 2147483647;
			files = (
				CE22414D2BECF6920091AB3C /* Preview Assets.xcassets in Resources */,
				CE22414A2BECF6920091AB3C /* Assets.xcassets in Resources */,
			);
			runOnlyForDeploymentPostprocessing = 0;
		};
/* End PBXResourcesBuildPhase section */

/* Begin PBXSourcesBuildPhase section */
		CE22413E2BECF6910091AB3C /* Sources */ = {
			isa = PBXSourcesBuildPhase;
			buildActionMask = 2147483647;
			files = (
				CE2241B62BF7A1580091AB3C /* DatabaseService.swift in Sources */,
				CE2241922BF21B5A0091AB3C /* SearchViewModel.swift in Sources */,
				CE2241872BEDA5E00091AB3C /* Profile.swift in Sources */,
				CE2241A82BF78DE10091AB3C /* AuthorizeService.swift in Sources */,
				CE2241952BF247E00091AB3C /* MessagesWindow.swift in Sources */,
				CE22418D2BEE33C70091AB3C /* EnvrimomentObject.swift in Sources */,
				CE2241692BED46E70091AB3C /* StateOfChatList.swift in Sources */,
				CE22419C2BF57A9A0091AB3C /* MessageTetField.swift in Sources */,
				CE2241642BED39610091AB3C /* ImagesName.swift in Sources */,
				CE2241A42BF7883E0091AB3C /* UINavigationControllerExtension.swift in Sources */,
				CE2241482BECF6910091AB3C /* ContentView.swift in Sources */,
				CE22416C2BED73070091AB3C /* Tabbar.swift in Sources */,
				CE2241722BED83C60091AB3C /* IdentifableElementForTabbar.swift in Sources */,
				CE2241AA2BF7925D0091AB3C /* UserWorker.swift in Sources */,
				CE22415E2BED0EE70091AB3C /* HeaderOfChatList.swift in Sources */,
				CE2241592BECFE150091AB3C /* ColorTheme.swift in Sources */,
				CE2241602BED35FD0091AB3C /* PlacehodlerForChatList.swift in Sources */,
				CE2241982BF24BCC0091AB3C /* MessageView.swift in Sources */,
				CE2241662BED3B830091AB3C /* ChatList.swift in Sources */,
				CE2241702BED83B00091AB3C /* TabbarElement.swift in Sources */,
				CE2241462BECF6910091AB3C /* HypeApp.swift in Sources */,
				CE22418B2BEE33760091AB3C /* ContentViewModel.swift in Sources */,
				CE2241892BEE334B0091AB3C /* SiginState.swift in Sources */,
				CE2241622BED37640091AB3C /* ChatZoneViewModel.swift in Sources */,
				CE2241B12BF799900091AB3C /* AuthorizeServiceProtocol.swift in Sources */,
				CE2241902BF216CA0091AB3C /* SearchZone.swift in Sources */,
				CE2241A02BF57AC80091AB3C /* HeaderForMessageWindow.swift in Sources */,
				CE2241752BED84E00091AB3C /* DefaultWhiteButton.swift in Sources */,
				CE2241822BED89CA0091AB3C /* Supabase.swift in Sources */,
				CE22415C2BED00470091AB3C /* ChatCell.swift in Sources */,
				CE2241AE2BF7997A0091AB3C /* UserWorkerProtocol.swift in Sources */,
				CE22419E2BF57AB20091AB3C /* MessageControlView.swift in Sources */,
				CE2241B42BF7A1460091AB3C /* DatabaseServiceProtocol.swift in Sources */,
				CE2241562BECFDCF0091AB3C /* ChatZone.swift in Sources */,
			);
			runOnlyForDeploymentPostprocessing = 0;
		};
/* End PBXSourcesBuildPhase section */

/* Begin XCBuildConfiguration section */
		CE22414E2BECF6920091AB3C /* Debug */ = {
			isa = XCBuildConfiguration;
			buildSettings = {
				ALWAYS_SEARCH_USER_PATHS = NO;
				ASSETCATALOG_COMPILER_GENERATE_SWIFT_ASSET_SYMBOL_EXTENSIONS = YES;
				CLANG_ANALYZER_NONNULL = YES;
				CLANG_ANALYZER_NUMBER_OBJECT_CONVERSION = YES_AGGRESSIVE;
				CLANG_CXX_LANGUAGE_STANDARD = "gnu++20";
				CLANG_ENABLE_MODULES = YES;
				CLANG_ENABLE_OBJC_ARC = YES;
				CLANG_ENABLE_OBJC_WEAK = YES;
				CLANG_WARN_BLOCK_CAPTURE_AUTORELEASING = YES;
				CLANG_WARN_BOOL_CONVERSION = YES;
				CLANG_WARN_COMMA = YES;
				CLANG_WARN_CONSTANT_CONVERSION = YES;
				CLANG_WARN_DEPRECATED_OBJC_IMPLEMENTATIONS = YES;
				CLANG_WARN_DIRECT_OBJC_ISA_USAGE = YES_ERROR;
				CLANG_WARN_DOCUMENTATION_COMMENTS = YES;
				CLANG_WARN_EMPTY_BODY = YES;
				CLANG_WARN_ENUM_CONVERSION = YES;
				CLANG_WARN_INFINITE_RECURSION = YES;
				CLANG_WARN_INT_CONVERSION = YES;
				CLANG_WARN_NON_LITERAL_NULL_CONVERSION = YES;
				CLANG_WARN_OBJC_IMPLICIT_RETAIN_SELF = YES;
				CLANG_WARN_OBJC_LITERAL_CONVERSION = YES;
				CLANG_WARN_OBJC_ROOT_CLASS = YES_ERROR;
				CLANG_WARN_QUOTED_INCLUDE_IN_FRAMEWORK_HEADER = YES;
				CLANG_WARN_RANGE_LOOP_ANALYSIS = YES;
				CLANG_WARN_STRICT_PROTOTYPES = YES;
				CLANG_WARN_SUSPICIOUS_MOVE = YES;
				CLANG_WARN_UNGUARDED_AVAILABILITY = YES_AGGRESSIVE;
				CLANG_WARN_UNREACHABLE_CODE = YES;
				CLANG_WARN__DUPLICATE_METHOD_MATCH = YES;
				COPY_PHASE_STRIP = NO;
				DEBUG_INFORMATION_FORMAT = dwarf;
				ENABLE_STRICT_OBJC_MSGSEND = YES;
				ENABLE_TESTABILITY = YES;
				ENABLE_USER_SCRIPT_SANDBOXING = YES;
				GCC_C_LANGUAGE_STANDARD = gnu17;
				GCC_DYNAMIC_NO_PIC = NO;
				GCC_NO_COMMON_BLOCKS = YES;
				GCC_OPTIMIZATION_LEVEL = 0;
				GCC_PREPROCESSOR_DEFINITIONS = (
					"DEBUG=1",
					"$(inherited)",
				);
				GCC_WARN_64_TO_32_BIT_CONVERSION = YES;
				GCC_WARN_ABOUT_RETURN_TYPE = YES_ERROR;
				GCC_WARN_UNDECLARED_SELECTOR = YES;
				GCC_WARN_UNINITIALIZED_AUTOS = YES_AGGRESSIVE;
				GCC_WARN_UNUSED_FUNCTION = YES;
				GCC_WARN_UNUSED_VARIABLE = YES;
				IPHONEOS_DEPLOYMENT_TARGET = 17.4;
				LOCALIZATION_PREFERS_STRING_CATALOGS = YES;
				MTL_ENABLE_DEBUG_INFO = INCLUDE_SOURCE;
				MTL_FAST_MATH = YES;
				ONLY_ACTIVE_ARCH = YES;
				SDKROOT = iphoneos;
				SWIFT_ACTIVE_COMPILATION_CONDITIONS = "DEBUG $(inherited)";
				SWIFT_OPTIMIZATION_LEVEL = "-Onone";
			};
			name = Debug;
		};
		CE22414F2BECF6920091AB3C /* Release */ = {
			isa = XCBuildConfiguration;
			buildSettings = {
				ALWAYS_SEARCH_USER_PATHS = NO;
				ASSETCATALOG_COMPILER_GENERATE_SWIFT_ASSET_SYMBOL_EXTENSIONS = YES;
				CLANG_ANALYZER_NONNULL = YES;
				CLANG_ANALYZER_NUMBER_OBJECT_CONVERSION = YES_AGGRESSIVE;
				CLANG_CXX_LANGUAGE_STANDARD = "gnu++20";
				CLANG_ENABLE_MODULES = YES;
				CLANG_ENABLE_OBJC_ARC = YES;
				CLANG_ENABLE_OBJC_WEAK = YES;
				CLANG_WARN_BLOCK_CAPTURE_AUTORELEASING = YES;
				CLANG_WARN_BOOL_CONVERSION = YES;
				CLANG_WARN_COMMA = YES;
				CLANG_WARN_CONSTANT_CONVERSION = YES;
				CLANG_WARN_DEPRECATED_OBJC_IMPLEMENTATIONS = YES;
				CLANG_WARN_DIRECT_OBJC_ISA_USAGE = YES_ERROR;
				CLANG_WARN_DOCUMENTATION_COMMENTS = YES;
				CLANG_WARN_EMPTY_BODY = YES;
				CLANG_WARN_ENUM_CONVERSION = YES;
				CLANG_WARN_INFINITE_RECURSION = YES;
				CLANG_WARN_INT_CONVERSION = YES;
				CLANG_WARN_NON_LITERAL_NULL_CONVERSION = YES;
				CLANG_WARN_OBJC_IMPLICIT_RETAIN_SELF = YES;
				CLANG_WARN_OBJC_LITERAL_CONVERSION = YES;
				CLANG_WARN_OBJC_ROOT_CLASS = YES_ERROR;
				CLANG_WARN_QUOTED_INCLUDE_IN_FRAMEWORK_HEADER = YES;
				CLANG_WARN_RANGE_LOOP_ANALYSIS = YES;
				CLANG_WARN_STRICT_PROTOTYPES = YES;
				CLANG_WARN_SUSPICIOUS_MOVE = YES;
				CLANG_WARN_UNGUARDED_AVAILABILITY = YES_AGGRESSIVE;
				CLANG_WARN_UNREACHABLE_CODE = YES;
				CLANG_WARN__DUPLICATE_METHOD_MATCH = YES;
				COPY_PHASE_STRIP = NO;
				DEBUG_INFORMATION_FORMAT = "dwarf-with-dsym";
				ENABLE_NS_ASSERTIONS = NO;
				ENABLE_STRICT_OBJC_MSGSEND = YES;
				ENABLE_USER_SCRIPT_SANDBOXING = YES;
				GCC_C_LANGUAGE_STANDARD = gnu17;
				GCC_NO_COMMON_BLOCKS = YES;
				GCC_WARN_64_TO_32_BIT_CONVERSION = YES;
				GCC_WARN_ABOUT_RETURN_TYPE = YES_ERROR;
				GCC_WARN_UNDECLARED_SELECTOR = YES;
				GCC_WARN_UNINITIALIZED_AUTOS = YES_AGGRESSIVE;
				GCC_WARN_UNUSED_FUNCTION = YES;
				GCC_WARN_UNUSED_VARIABLE = YES;
				IPHONEOS_DEPLOYMENT_TARGET = 17.4;
				LOCALIZATION_PREFERS_STRING_CATALOGS = YES;
				MTL_ENABLE_DEBUG_INFO = NO;
				MTL_FAST_MATH = YES;
				SDKROOT = iphoneos;
				SWIFT_COMPILATION_MODE = wholemodule;
				VALIDATE_PRODUCT = YES;
			};
			name = Release;
		};
		CE2241512BECF6920091AB3C /* Debug */ = {
			isa = XCBuildConfiguration;
			buildSettings = {
				ASSETCATALOG_COMPILER_APPICON_NAME = AppIcon;
				ASSETCATALOG_COMPILER_GLOBAL_ACCENT_COLOR_NAME = AccentColor;
				CODE_SIGN_STYLE = Automatic;
				CURRENT_PROJECT_VERSION = 1;
				DEVELOPMENT_ASSET_PATHS = "\"Hype/Preview Content\"";
				DEVELOPMENT_TEAM = Y67XYRV445;
				ENABLE_PREVIEWS = YES;
				GENERATE_INFOPLIST_FILE = YES;
				INFOPLIST_KEY_UIApplicationSceneManifest_Generation = YES;
				INFOPLIST_KEY_UIApplicationSupportsIndirectInputEvents = YES;
				INFOPLIST_KEY_UILaunchScreen_Generation = YES;
				INFOPLIST_KEY_UISupportedInterfaceOrientations_iPad = "UIInterfaceOrientationPortrait UIInterfaceOrientationPortraitUpsideDown UIInterfaceOrientationLandscapeLeft UIInterfaceOrientationLandscapeRight";
				INFOPLIST_KEY_UISupportedInterfaceOrientations_iPhone = "UIInterfaceOrientationPortrait UIInterfaceOrientationLandscapeLeft UIInterfaceOrientationLandscapeRight";
				IPHONEOS_DEPLOYMENT_TARGET = 16.0;
				LD_RUNPATH_SEARCH_PATHS = (
					"$(inherited)",
					"@executable_path/Frameworks",
				);
				MARKETING_VERSION = 1.0;
				PRODUCT_BUNDLE_IDENTIFIER = "artem-solovev.Hype";
				PRODUCT_NAME = "$(TARGET_NAME)";
				SWIFT_EMIT_LOC_STRINGS = YES;
				SWIFT_VERSION = 5.0;
				TARGETED_DEVICE_FAMILY = "1,2";
			};
			name = Debug;
		};
		CE2241522BECF6920091AB3C /* Release */ = {
			isa = XCBuildConfiguration;
			buildSettings = {
				ASSETCATALOG_COMPILER_APPICON_NAME = AppIcon;
				ASSETCATALOG_COMPILER_GLOBAL_ACCENT_COLOR_NAME = AccentColor;
				CODE_SIGN_STYLE = Automatic;
				CURRENT_PROJECT_VERSION = 1;
				DEVELOPMENT_ASSET_PATHS = "\"Hype/Preview Content\"";
				DEVELOPMENT_TEAM = Y67XYRV445;
				ENABLE_PREVIEWS = YES;
				GENERATE_INFOPLIST_FILE = YES;
				INFOPLIST_KEY_UIApplicationSceneManifest_Generation = YES;
				INFOPLIST_KEY_UIApplicationSupportsIndirectInputEvents = YES;
				INFOPLIST_KEY_UILaunchScreen_Generation = YES;
				INFOPLIST_KEY_UISupportedInterfaceOrientations_iPad = "UIInterfaceOrientationPortrait UIInterfaceOrientationPortraitUpsideDown UIInterfaceOrientationLandscapeLeft UIInterfaceOrientationLandscapeRight";
				INFOPLIST_KEY_UISupportedInterfaceOrientations_iPhone = "UIInterfaceOrientationPortrait UIInterfaceOrientationLandscapeLeft UIInterfaceOrientationLandscapeRight";
				IPHONEOS_DEPLOYMENT_TARGET = 16.0;
				LD_RUNPATH_SEARCH_PATHS = (
					"$(inherited)",
					"@executable_path/Frameworks",
				);
				MARKETING_VERSION = 1.0;
				PRODUCT_BUNDLE_IDENTIFIER = "artem-solovev.Hype";
				PRODUCT_NAME = "$(TARGET_NAME)";
				SWIFT_EMIT_LOC_STRINGS = YES;
				SWIFT_VERSION = 5.0;
				TARGETED_DEVICE_FAMILY = "1,2";
			};
			name = Release;
		};
/* End XCBuildConfiguration section */

/* Begin XCConfigurationList section */
		CE22413D2BECF6900091AB3C /* Build configuration list for PBXProject "Hype" */ = {
			isa = XCConfigurationList;
			buildConfigurations = (
				CE22414E2BECF6920091AB3C /* Debug */,
				CE22414F2BECF6920091AB3C /* Release */,
			);
			defaultConfigurationIsVisible = 0;
			defaultConfigurationName = Release;
		};
		CE2241502BECF6920091AB3C /* Build configuration list for PBXNativeTarget "Hype" */ = {
			isa = XCConfigurationList;
			buildConfigurations = (
				CE2241512BECF6920091AB3C /* Debug */,
				CE2241522BECF6920091AB3C /* Release */,
			);
			defaultConfigurationIsVisible = 0;
			defaultConfigurationName = Release;
		};
/* End XCConfigurationList section */

/* Begin XCRemoteSwiftPackageReference section */
		CE2241762BED897F0091AB3C /* XCRemoteSwiftPackageReference "supabase-swift" */ = {
			isa = XCRemoteSwiftPackageReference;
			repositoryURL = "https://github.com/supabase/supabase-swift.git";
			requirement = {
				kind = upToNextMajorVersion;
				minimumVersion = 2.5.1;
			};
		};
/* End XCRemoteSwiftPackageReference section */

/* Begin XCSwiftPackageProductDependency section */
		CE2241772BED897F0091AB3C /* Auth */ = {
			isa = XCSwiftPackageProductDependency;
			package = CE2241762BED897F0091AB3C /* XCRemoteSwiftPackageReference "supabase-swift" */;
			productName = Auth;
		};
		CE2241792BED897F0091AB3C /* Functions */ = {
			isa = XCSwiftPackageProductDependency;
			package = CE2241762BED897F0091AB3C /* XCRemoteSwiftPackageReference "supabase-swift" */;
			productName = Functions;
		};
		CE22417B2BED897F0091AB3C /* PostgREST */ = {
			isa = XCSwiftPackageProductDependency;
			package = CE2241762BED897F0091AB3C /* XCRemoteSwiftPackageReference "supabase-swift" */;
			productName = PostgREST;
		};
		CE22417D2BED897F0091AB3C /* Realtime */ = {
			isa = XCSwiftPackageProductDependency;
			package = CE2241762BED897F0091AB3C /* XCRemoteSwiftPackageReference "supabase-swift" */;
			productName = Realtime;
		};
		CE22417F2BED897F0091AB3C /* Storage */ = {
			isa = XCSwiftPackageProductDependency;
			package = CE2241762BED897F0091AB3C /* XCRemoteSwiftPackageReference "supabase-swift" */;
			productName = Storage;
		};
		CE2241842BED99080091AB3C /* Supabase */ = {
			isa = XCSwiftPackageProductDependency;
			package = CE2241762BED897F0091AB3C /* XCRemoteSwiftPackageReference "supabase-swift" */;
			productName = Supabase;
		};
/* End XCSwiftPackageProductDependency section */
	};
	rootObject = CE22413A2BECF6900091AB3C /* Project object */;
}
